speakeasyVersion: 1.386.0
sources:
    openapi-with-code-samples:
        sourceNamespace: openapi-with-code-samples
        sourceRevisionDigest: sha256:936e6dbc280e98e51dfbeca81272fbf7a72c0d72b38006baa1a66ca8d7af2ef0
        sourceBlobDigest: sha256:b62592b1d06f614f8032e82f2547f66c6797e8e81c688944aa9367e0f5a8b3a6
        tags:
            - latest
            - main
targets: {}
workflow:
    workflowVersion: 1.0.0
    speakeasyVersion: latest
    sources:
        openapi-with-code-samples:
            inputs:
                - location: registry.speakeasyapi.dev/novu/novu/json-development:main
            overlays:
                - location: registry.speakeasyapi.dev/novu/novu/code-samples-typescript:main
            output: ./openapi.json
            registry:
                location: registry.speakeasyapi.dev/novu/novu/openapi-with-code-samples
    targets: {}
